
Microsoft Visual Studio Solution File, Format Version 12.00
# Visual Studio Version 16
VisualStudioVersion = 16.0.30320.27
MinimumVisualStudioVersion = 10.0.40219.1
Project("{9A19103F-16F7-4668-BE54-9A1E7A4F7556}") = "WebApiCalculator", "WebApiCalculator\WebApiCalculator.csproj", "{C3729435-61CB-4540-88C0-FBCDDC12B59E}"
EndProject
Project("{FAE04EC0-301F-11D3-BF4B-00C04F79EFBC}") = "WebApiCalculator.Tests", "WebApiCalculator.Tests\WebApiCalculator.Tests.csproj", "{F5EEB5B4-DDA7-40FA-90F4-EF945D00475A}"
EndProject
Global
	GlobalSection(SolutionConfigurationPlatforms) = preSolution
		Debug|Any CPU = Debug|Any CPU
		Release|Any CPU = Release|Any CPU
	EndGlobalSection
	GlobalSection(ProjectConfigurationPlatforms) = postSolution
		{C3729435-61CB-4540-88C0-FBCDDC12B59E}.Debug|Any CPU.ActiveCfg = Debug|Any CPU
		{C3729435-61CB-4540-88C0-FBCDDC12B59E}.Debug|Any CPU.Build.0 = Debug|Any CPU
		{C3729435-61CB-4540-88C0-FBCDDC12B59E}.Release|Any CPU.ActiveCfg = Release|Any CPU
		{C3729435-61CB-4540-88C0-FBCDDC12B59E}.Release|Any CPU.Build.0 = Release|Any CPU
		{F5EEB5B4-DDA7-40FA-90F4-EF945D00475A}.Debug|Any CPU.ActiveCfg = Debug|Any CPU
		{F5EEB5B4-DDA7-40FA-90F4-EF945D00475A}.Debug|Any CPU.Build.0 = Debug|Any CPU
		{F5EEB5B4-DDA7-40FA-90F4-EF945D00475A}.Release|Any CPU.ActiveCfg = Release|Any CPU
		{F5EEB5B4-DDA7-40FA-90F4-EF945D00475A}.Release|Any CPU.Build.0 = Release|Any CPU
	EndGlobalSection
	GlobalSection(SolutionProperties) = preSolution
		HideSolutionNode = FALSE
	EndGlobalSection
	GlobalSection(ExtensibilityGlobals) = postSolution
		SolutionGuid = {8A1570CA-FCF5-4B2B-8C9E-C26A3DEE3038}
	EndGlobalSection
EndGlobal
